
Microsoft Visual Studio Solution File, Format Version 12.00
# Visual Studio Version 17
VisualStudioVersion = 17.11.35327.3
MinimumVisualStudioVersion = 10.0.40219.1
Project("{9A19103F-16F7-4668-BE54-9A1E7A4F7556}") = "LW_11_WebApplication", "LW_11_WebApplication.csproj", "{26C4EFCD-6525-4D10-92F2-3974BC49931A}"
EndProject
Global
	GlobalSection(SolutionConfigurationPlatforms) = preSolution
		Debug|Any CPU = Debug|Any CPU
		Release|Any CPU = Release|Any CPU
	EndGlobalSection
	GlobalSection(ProjectConfigurationPlatforms) = postSolution
		{26C4EFCD-6525-4D10-92F2-3974BC49931A}.Debug|Any CPU.ActiveCfg = Debug|Any CPU
		{26C4EFCD-6525-4D10-92F2-3974BC49931A}.Debug|Any CPU.Build.0 = Debug|Any CPU
		{26C4EFCD-6525-4D10-92F2-3974BC49931A}.Release|Any CPU.ActiveCfg = Release|Any CPU
		{26C4EFCD-6525-4D10-92F2-3974BC49931A}.Release|Any CPU.Build.0 = Release|Any CPU
	EndGlobalSection
	GlobalSection(SolutionProperties) = preSolution
		HideSolutionNode = FALSE
	EndGlobalSection
	GlobalSection(ExtensibilityGlobals) = postSolution
		SolutionGuid = {32FC0B35-01EB-46D3-8425-17EC218F4F73}
	EndGlobalSection
EndGlobal
